// !$*UTF8*$!
{
	archiveVersion = 1;
	classes = {
	};
	objectVersion = 55;
	objects = {

/* Begin PBXBuildFile section */
		A8ED735428307293006E564F /* AppDelegate.swift in Sources */ = {isa = PBXBuildFile; fileRef = A8ED735328307293006E564F /* AppDelegate.swift */; };
		A8ED735628307293006E564F /* SceneDelegate.swift in Sources */ = {isa = PBXBuildFile; fileRef = A8ED735528307293006E564F /* SceneDelegate.swift */; };
		A8ED735B28307293006E564F /* Main.storyboard in Resources */ = {isa = PBXBuildFile; fileRef = A8ED735928307293006E564F /* Main.storyboard */; };
		A8ED735D28307294006E564F /* Assets.xcassets in Resources */ = {isa = PBXBuildFile; fileRef = A8ED735C28307294006E564F /* Assets.xcassets */; };
		A8ED736028307294006E564F /* LaunchScreen.storyboard in Resources */ = {isa = PBXBuildFile; fileRef = A8ED735E28307294006E564F /* LaunchScreen.storyboard */; };
		A8ED7374283073B8006E564F /* PhotoCell.swift in Sources */ = {isa = PBXBuildFile; fileRef = A8ED7372283073B8006E564F /* PhotoCell.swift */; };
		A8ED7375283073B8006E564F /* PhotoCell.xib in Resources */ = {isa = PBXBuildFile; fileRef = A8ED7373283073B8006E564F /* PhotoCell.xib */; };
		A8ED738128307432006E564F /* HelperClass.swift in Sources */ = {isa = PBXBuildFile; fileRef = A8ED737728307432006E564F /* HelperClass.swift */; };
		A8ED738228307432006E564F /* UIImageView+Extension.swift in Sources */ = {isa = PBXBuildFile; fileRef = A8ED737928307432006E564F /* UIImageView+Extension.swift */; };
		A8ED738328307432006E564F /* Collection+Extension.swift in Sources */ = {isa = PBXBuildFile; fileRef = A8ED737A28307432006E564F /* Collection+Extension.swift */; };
		A8ED738428307432006E564F /* UIViewController+Extension.swift in Sources */ = {isa = PBXBuildFile; fileRef = A8ED737B28307432006E564F /* UIViewController+Extension.swift */; };
		A8ED738528307432006E564F /* UITableViewCell+Extension.swift in Sources */ = {isa = PBXBuildFile; fileRef = A8ED737C28307432006E564F /* UITableViewCell+Extension.swift */; };
		A8ED738628307432006E564F /* UIView+Extension.swift.swift in Sources */ = {isa = PBXBuildFile; fileRef = A8ED737D28307432006E564F /* UIView+Extension.swift.swift */; };
		A8ED738728307432006E564F /* UITableView+Extension.swift in Sources */ = {isa = PBXBuildFile; fileRef = A8ED737E28307432006E564F /* UITableView+Extension.swift */; };
		A8ED738828307432006E564F /* CodableHandler.swift in Sources */ = {isa = PBXBuildFile; fileRef = A8ED737F28307432006E564F /* CodableHandler.swift */; };
		A8ED738B28307502006E564F /* Photo.swift in Sources */ = {isa = PBXBuildFile; fileRef = A8ED738A28307502006E564F /* Photo.swift */; };
		A8ED738D28307548006E564F /* PhotoListPresenter.swift in Sources */ = {isa = PBXBuildFile; fileRef = A8ED738C28307548006E564F /* PhotoListPresenter.swift */; };
		A8ED738F2830755B006E564F /* PhotoListVC.swift in Sources */ = {isa = PBXBuildFile; fileRef = A8ED738E2830755B006E564F /* PhotoListVC.swift */; };
		A8ED7393283075B7006E564F /* PhotoListProtocols.swift in Sources */ = {isa = PBXBuildFile; fileRef = A8ED7392283075B7006E564F /* PhotoListProtocols.swift */; };
		A8ED739628307866006E564F /* PhotoService.swift in Sources */ = {isa = PBXBuildFile; fileRef = A8ED739528307866006E564F /* PhotoService.swift */; };
		A8ED7398283078A6006E564F /* ServerRequest.swift in Sources */ = {isa = PBXBuildFile; fileRef = A8ED7397283078A6006E564F /* ServerRequest.swift */; };
		A8ED739B283078F4006E564F /* Alamofire in Frameworks */ = {isa = PBXBuildFile; productRef = A8ED739A283078F4006E564F /* Alamofire */; };
		A8ED739E2830790E006E564F /* SwiftyJSON in Frameworks */ = {isa = PBXBuildFile; productRef = A8ED739D2830790E006E564F /* SwiftyJSON */; };
		A8ED73A028307B52006E564F /* Repo.swift in Sources */ = {isa = PBXBuildFile; fileRef = A8ED739F28307B52006E564F /* Repo.swift */; };
/* End PBXBuildFile section */

/* Begin PBXFileReference section */
		A8ED735028307293006E564F /* PhotoApp.app */ = {isa = PBXFileReference; explicitFileType = wrapper.application; includeInIndex = 0; path = PhotoApp.app; sourceTree = BUILT_PRODUCTS_DIR; };
		A8ED735328307293006E564F /* AppDelegate.swift */ = {isa = PBXFileReference; lastKnownFileType = sourcecode.swift; path = AppDelegate.swift; sourceTree = "<group>"; };
		A8ED735528307293006E564F /* SceneDelegate.swift */ = {isa = PBXFileReference; lastKnownFileType = sourcecode.swift; path = SceneDelegate.swift; sourceTree = "<group>"; };
		A8ED735A28307293006E564F /* Base */ = {isa = PBXFileReference; lastKnownFileType = file.storyboard; name = Base; path = Base.lproj/Main.storyboard; sourceTree = "<group>"; };
		A8ED735C28307294006E564F /* Assets.xcassets */ = {isa = PBXFileReference; lastKnownFileType = folder.assetcatalog; path = Assets.xcassets; sourceTree = "<group>"; };
		A8ED735F28307294006E564F /* Base */ = {isa = PBXFileReference; lastKnownFileType = file.storyboard; name = Base; path = Base.lproj/LaunchScreen.storyboard; sourceTree = "<group>"; };
		A8ED736128307294006E564F /* Info.plist */ = {isa = PBXFileReference; lastKnownFileType = text.plist.xml; path = Info.plist; sourceTree = "<group>"; };
		A8ED7372283073B8006E564F /* PhotoCell.swift */ = {isa = PBXFileReference; lastKnownFileType = sourcecode.swift; path = PhotoCell.swift; sourceTree = "<group>"; };
		A8ED7373283073B8006E564F /* PhotoCell.xib */ = {isa = PBXFileReference; lastKnownFileType = file.xib; path = PhotoCell.xib; sourceTree = "<group>"; };
		A8ED737728307432006E564F /* HelperClass.swift */ = {isa = PBXFileReference; fileEncoding = 4; lastKnownFileType = sourcecode.swift; path = HelperClass.swift; sourceTree = "<group>"; };
		A8ED737928307432006E564F /* UIImageView+Extension.swift */ = {isa = PBXFileReference; fileEncoding = 4; lastKnownFileType = sourcecode.swift; path = "UIImageView+Extension.swift"; sourceTree = "<group>"; };
		A8ED737A28307432006E564F /* Collection+Extension.swift */ = {isa = PBXFileReference; fileEncoding = 4; lastKnownFileType = sourcecode.swift; path = "Collection+Extension.swift"; sourceTree = "<group>"; };
		A8ED737B28307432006E564F /* UIViewController+Extension.swift */ = {isa = PBXFileReference; fileEncoding = 4; lastKnownFileType = sourcecode.swift; path = "UIViewController+Extension.swift"; sourceTree = "<group>"; };
		A8ED737C28307432006E564F /* UITableViewCell+Extension.swift */ = {isa = PBXFileReference; fileEncoding = 4; lastKnownFileType = sourcecode.swift; path = "UITableViewCell+Extension.swift"; sourceTree = "<group>"; };
		A8ED737D28307432006E564F /* UIView+Extension.swift.swift */ = {isa = PBXFileReference; fileEncoding = 4; lastKnownFileType = sourcecode.swift; path = "UIView+Extension.swift.swift"; sourceTree = "<group>"; };
		A8ED737E28307432006E564F /* UITableView+Extension.swift */ = {isa = PBXFileReference; fileEncoding = 4; lastKnownFileType = sourcecode.swift; path = "UITableView+Extension.swift"; sourceTree = "<group>"; };
		A8ED737F28307432006E564F /* CodableHandler.swift */ = {isa = PBXFileReference; fileEncoding = 4; lastKnownFileType = sourcecode.swift; path = CodableHandler.swift; sourceTree = "<group>"; };
		A8ED738A28307502006E564F /* Photo.swift */ = {isa = PBXFileReference; lastKnownFileType = sourcecode.swift; path = Photo.swift; sourceTree = "<group>"; };
		A8ED738C28307548006E564F /* PhotoListPresenter.swift */ = {isa = PBXFileReference; lastKnownFileType = sourcecode.swift; path = PhotoListPresenter.swift; sourceTree = "<group>"; };
		A8ED738E2830755B006E564F /* PhotoListVC.swift */ = {isa = PBXFileReference; lastKnownFileType = sourcecode.swift; path = PhotoListVC.swift; sourceTree = "<group>"; };
		A8ED7392283075B7006E564F /* PhotoListProtocols.swift */ = {isa = PBXFileReference; lastKnownFileType = sourcecode.swift; path = PhotoListProtocols.swift; sourceTree = "<group>"; };
		A8ED739528307866006E564F /* PhotoService.swift */ = {isa = PBXFileReference; lastKnownFileType = sourcecode.swift; path = PhotoService.swift; sourceTree = "<group>"; };
		A8ED7397283078A6006E564F /* ServerRequest.swift */ = {isa = PBXFileReference; fileEncoding = 4; lastKnownFileType = sourcecode.swift; path = ServerRequest.swift; sourceTree = "<group>"; };
		A8ED739F28307B52006E564F /* Repo.swift */ = {isa = PBXFileReference; fileEncoding = 4; lastKnownFileType = sourcecode.swift; path = Repo.swift; sourceTree = "<group>"; };
/* End PBXFileReference section */

/* Begin PBXFrameworksBuildPhase section */
		A8ED734D28307293006E564F /* Frameworks */ = {
			isa = PBXFrameworksBuildPhase;
			buildActionMask = 2147483647;
			files = (
				A8ED739E2830790E006E564F /* SwiftyJSON in Frameworks */,
				A8ED739B283078F4006E564F /* Alamofire in Frameworks */,
			);
			runOnlyForDeploymentPostprocessing = 0;
		};
/* End PBXFrameworksBuildPhase section */

/* Begin PBXGroup section */
		A8ED734728307293006E564F = {
			isa = PBXGroup;
			children = (
				A8ED735228307293006E564F /* PhotoApp */,
				A8ED735128307293006E564F /* Products */,
			);
			sourceTree = "<group>";
		};
		A8ED735128307293006E564F /* Products */ = {
			isa = PBXGroup;
			children = (
				A8ED735028307293006E564F /* PhotoApp.app */,
			);
			name = Products;
			sourceTree = "<group>";
		};
		A8ED735228307293006E564F /* PhotoApp */ = {
			isa = PBXGroup;
			children = (
				A8ED737628307432006E564F /* Utility */,
				A8ED7367283072E7006E564F /* Network  */,
				A8ED73682830731F006E564F /* Module */,
				A8ED735328307293006E564F /* AppDelegate.swift */,
				A8ED735528307293006E564F /* SceneDelegate.swift */,
				A8ED735928307293006E564F /* Main.storyboard */,
				A8ED735C28307294006E564F /* Assets.xcassets */,
				A8ED735E28307294006E564F /* LaunchScreen.storyboard */,
				A8ED736128307294006E564F /* Info.plist */,
			);
			path = PhotoApp;
			sourceTree = "<group>";
		};
		A8ED7367283072E7006E564F /* Network  */ = {
			isa = PBXGroup;
			children = (
				A8ED7397283078A6006E564F /* ServerRequest.swift */,
				A8ED739F28307B52006E564F /* Repo.swift */,
			);
			path = "Network ";
			sourceTree = "<group>";
		};
		A8ED73682830731F006E564F /* Module */ = {
			isa = PBXGroup;
			children = (
				A8ED73692830732D006E564F /* Photo's */,
				A8ED736A28307339006E564F /* Details */,
			);
			path = Module;
			sourceTree = "<group>";
		};
		A8ED73692830732D006E564F /* Photo's */ = {
			isa = PBXGroup;
			children = (
				A8ED73942830784B006E564F /* Services */,
				A8ED73912830758F006E564F /* Protocols */,
				A8ED736D2830734C006E564F /* Presenter */,
				A8ED736C28307348006E564F /* Model */,
				A8ED736B28307340006E564F /* View */,
			);
			path = "Photo's";
			sourceTree = "<group>";
		};
		A8ED736A28307339006E564F /* Details */ = {
			isa = PBXGroup;
			children = (
				A8ED736F2830735B006E564F /* Presenter */,
				A8ED73712830736A006E564F /* View */,
			);
			path = Details;
			sourceTree = "<group>";
		};
		A8ED736B28307340006E564F /* View */ = {
			isa = PBXGroup;
			children = (
				A8ED738E2830755B006E564F /* PhotoListVC.swift */,
				A8ED739028307568006E564F /* Cell */,
			);
			path = View;
			sourceTree = "<group>";
		};
		A8ED736C28307348006E564F /* Model */ = {
			isa = PBXGroup;
			children = (
				A8ED738A28307502006E564F /* Photo.swift */,
			);
			path = Model;
			sourceTree = "<group>";
		};
		A8ED736D2830734C006E564F /* Presenter */ = {
			isa = PBXGroup;
			children = (
				A8ED738C28307548006E564F /* PhotoListPresenter.swift */,
			);
			path = Presenter;
			sourceTree = "<group>";
		};
		A8ED736F2830735B006E564F /* Presenter */ = {
			isa = PBXGroup;
			children = (
			);
			path = Presenter;
			sourceTree = "<group>";
		};
		A8ED73712830736A006E564F /* View */ = {
			isa = PBXGroup;
			children = (
			);
			path = View;
			sourceTree = "<group>";
		};
		A8ED737628307432006E564F /* Utility */ = {
			isa = PBXGroup;
			children = (
				A8ED737728307432006E564F /* HelperClass.swift */,
				A8ED737828307432006E564F /* Extension */,
				A8ED737F28307432006E564F /* CodableHandler.swift */,
			);
			path = Utility;
			sourceTree = "<group>";
		};
		A8ED737828307432006E564F /* Extension */ = {
			isa = PBXGroup;
			children = (
				A8ED737928307432006E564F /* UIImageView+Extension.swift */,
				A8ED737A28307432006E564F /* Collection+Extension.swift */,
				A8ED737B28307432006E564F /* UIViewController+Extension.swift */,
				A8ED737C28307432006E564F /* UITableViewCell+Extension.swift */,
				A8ED737D28307432006E564F /* UIView+Extension.swift.swift */,
				A8ED737E28307432006E564F /* UITableView+Extension.swift */,
			);
			path = Extension;
			sourceTree = "<group>";
		};
		A8ED739028307568006E564F /* Cell */ = {
			isa = PBXGroup;
			children = (
				A8ED7372283073B8006E564F /* PhotoCell.swift */,
				A8ED7373283073B8006E564F /* PhotoCell.xib */,
			);
			path = Cell;
			sourceTree = "<group>";
		};
		A8ED73912830758F006E564F /* Protocols */ = {
			isa = PBXGroup;
			children = (
				A8ED7392283075B7006E564F /* PhotoListProtocols.swift */,
			);
			path = Protocols;
			sourceTree = "<group>";
		};
		A8ED73942830784B006E564F /* Services */ = {
			isa = PBXGroup;
			children = (
				A8ED739528307866006E564F /* PhotoService.swift */,
			);
			path = Services;
			sourceTree = "<group>";
		};
/* End PBXGroup section */

/* Begin PBXNativeTarget section */
		A8ED734F28307293006E564F /* PhotoApp */ = {
			isa = PBXNativeTarget;
			buildConfigurationList = A8ED736428307294006E564F /* Build configuration list for PBXNativeTarget "PhotoApp" */;
			buildPhases = (
				A8ED734C28307293006E564F /* Sources */,
				A8ED734D28307293006E564F /* Frameworks */,
				A8ED734E28307293006E564F /* Resources */,
			);
			buildRules = (
			);
			dependencies = (
			);
			name = PhotoApp;
			packageProductDependencies = (
				A8ED739A283078F4006E564F /* Alamofire */,
				A8ED739D2830790E006E564F /* SwiftyJSON */,
			);
			productName = PhotoApp;
			productReference = A8ED735028307293006E564F /* PhotoApp.app */;
			productType = "com.apple.product-type.application";
		};
/* End PBXNativeTarget section */

/* Begin PBXProject section */
		A8ED734828307293006E564F /* Project object */ = {
			isa = PBXProject;
			attributes = {
				BuildIndependentTargetsInParallel = 1;
				LastSwiftUpdateCheck = 1320;
				LastUpgradeCheck = 1320;
				TargetAttributes = {
					A8ED734F28307293006E564F = {
						CreatedOnToolsVersion = 13.2.1;
					};
				};
			};
			buildConfigurationList = A8ED734B28307293006E564F /* Build configuration list for PBXProject "PhotoApp" */;
			compatibilityVersion = "Xcode 13.0";
			developmentRegion = en;
			hasScannedForEncodings = 0;
			knownRegions = (
				en,
				Base,
			);
			mainGroup = A8ED734728307293006E564F;
			packageReferences = (
				A8ED7399283078F4006E564F /* XCRemoteSwiftPackageReference "Alamofire" */,
				A8ED739C2830790E006E564F /* XCRemoteSwiftPackageReference "SwiftyJSON" */,
			);
			productRefGroup = A8ED735128307293006E564F /* Products */;
			projectDirPath = "";
			projectRoot = "";
			targets = (
				A8ED734F28307293006E564F /* PhotoApp */,
			);
		};
/* End PBXProject section */

/* Begin PBXResourcesBuildPhase section */
		A8ED734E28307293006E564F /* Resources */ = {
			isa = PBXResourcesBuildPhase;
			buildActionMask = 2147483647;
			files = (
				A8ED7375283073B8006E564F /* PhotoCell.xib in Resources */,
				A8ED736028307294006E564F /* LaunchScreen.storyboard in Resources */,
				A8ED735D28307294006E564F /* Assets.xcassets in Resources */,
				A8ED735B28307293006E564F /* Main.storyboard in Resources */,
			);
			runOnlyForDeploymentPostprocessing = 0;
		};
/* End PBXResourcesBuildPhase section */

/* Begin PBXSourcesBuildPhase section */
		A8ED734C28307293006E564F /* Sources */ = {
			isa = PBXSourcesBuildPhase;
			buildActionMask = 2147483647;
			files = (
				A8ED738B28307502006E564F /* Photo.swift in Sources */,
				A8ED739628307866006E564F /* PhotoService.swift in Sources */,
				A8ED738728307432006E564F /* UITableView+Extension.swift in Sources */,
				A8ED738428307432006E564F /* UIViewController+Extension.swift in Sources */,
				A8ED738628307432006E564F /* UIView+Extension.swift.swift in Sources */,
				A8ED738D28307548006E564F /* PhotoListPresenter.swift in Sources */,
				A8ED73A028307B52006E564F /* Repo.swift in Sources */,
				A8ED738228307432006E564F /* UIImageView+Extension.swift in Sources */,
				A8ED7393283075B7006E564F /* PhotoListProtocols.swift in Sources */,
				A8ED738328307432006E564F /* Collection+Extension.swift in Sources */,
				A8ED7374283073B8006E564F /* PhotoCell.swift in Sources */,
				A8ED738528307432006E564F /* UITableViewCell+Extension.swift in Sources */,
				A8ED738828307432006E564F /* CodableHandler.swift in Sources */,
				A8ED738F2830755B006E564F /* PhotoListVC.swift in Sources */,
				A8ED738128307432006E564F /* HelperClass.swift in Sources */,
				A8ED7398283078A6006E564F /* ServerRequest.swift in Sources */,
				A8ED735428307293006E564F /* AppDelegate.swift in Sources */,
				A8ED735628307293006E564F /* SceneDelegate.swift in Sources */,
			);
			runOnlyForDeploymentPostprocessing = 0;
		};
/* End PBXSourcesBuildPhase section */

/* Begin PBXVariantGroup section */
		A8ED735928307293006E564F /* Main.storyboard */ = {
			isa = PBXVariantGroup;
			children = (
				A8ED735A28307293006E564F /* Base */,
			);
			name = Main.storyboard;
			sourceTree = "<group>";
		};
		A8ED735E28307294006E564F /* LaunchScreen.storyboard */ = {
			isa = PBXVariantGroup;
			children = (
				A8ED735F28307294006E564F /* Base */,
			);
			name = LaunchScreen.storyboard;
			sourceTree = "<group>";
		};
/* End PBXVariantGroup section */

/* Begin XCBuildConfiguration section */
		A8ED736228307294006E564F /* Debug */ = {
			isa = XCBuildConfiguration;
			buildSettings = {
				ALWAYS_SEARCH_USER_PATHS = NO;
				CLANG_ANALYZER_NONNULL = YES;
				CLANG_ANALYZER_NUMBER_OBJECT_CONVERSION = YES_AGGRESSIVE;
				CLANG_CXX_LANGUAGE_STANDARD = "gnu++17";
				CLANG_CXX_LIBRARY = "libc++";
				CLANG_ENABLE_MODULES = YES;
				CLANG_ENABLE_OBJC_ARC = YES;
				CLANG_ENABLE_OBJC_WEAK = YES;
				CLANG_WARN_BLOCK_CAPTURE_AUTORELEASING = YES;
				CLANG_WARN_BOOL_CONVERSION = YES;
				CLANG_WARN_COMMA = YES;
				CLANG_WARN_CONSTANT_CONVERSION = YES;
				CLANG_WARN_DEPRECATED_OBJC_IMPLEMENTATIONS = YES;
				CLANG_WARN_DIRECT_OBJC_ISA_USAGE = YES_ERROR;
				CLANG_WARN_DOCUMENTATION_COMMENTS = YES;
				CLANG_WARN_EMPTY_BODY = YES;
				CLANG_WARN_ENUM_CONVERSION = YES;
				CLANG_WARN_INFINITE_RECURSION = YES;
				CLANG_WARN_INT_CONVERSION = YES;
				CLANG_WARN_NON_LITERAL_NULL_CONVERSION = YES;
				CLANG_WARN_OBJC_IMPLICIT_RETAIN_SELF = YES;
				CLANG_WARN_OBJC_LITERAL_CONVERSION = YES;
				CLANG_WARN_OBJC_ROOT_CLASS = YES_ERROR;
				CLANG_WARN_QUOTED_INCLUDE_IN_FRAMEWORK_HEADER = YES;
				CLANG_WARN_RANGE_LOOP_ANALYSIS = YES;
				CLANG_WARN_STRICT_PROTOTYPES = YES;
				CLANG_WARN_SUSPICIOUS_MOVE = YES;
				CLANG_WARN_UNGUARDED_AVAILABILITY = YES_AGGRESSIVE;
				CLANG_WARN_UNREACHABLE_CODE = YES;
				CLANG_WARN__DUPLICATE_METHOD_MATCH = YES;
				COPY_PHASE_STRIP = NO;
				DEBUG_INFORMATION_FORMAT = dwarf;
				ENABLE_STRICT_OBJC_MSGSEND = YES;
				ENABLE_TESTABILITY = YES;
				GCC_C_LANGUAGE_STANDARD = gnu11;
				GCC_DYNAMIC_NO_PIC = NO;
				GCC_NO_COMMON_BLOCKS = YES;
				GCC_OPTIMIZATION_LEVEL = 0;
				GCC_PREPROCESSOR_DEFINITIONS = (
					"DEBUG=1",
					"$(inherited)",
				);
				GCC_WARN_64_TO_32_BIT_CONVERSION = YES;
				GCC_WARN_ABOUT_RETURN_TYPE = YES_ERROR;
				GCC_WARN_UNDECLARED_SELECTOR = YES;
				GCC_WARN_UNINITIALIZED_AUTOS = YES_AGGRESSIVE;
				GCC_WARN_UNUSED_FUNCTION = YES;
				GCC_WARN_UNUSED_VARIABLE = YES;
				IPHONEOS_DEPLOYMENT_TARGET = 15.2;
				MTL_ENABLE_DEBUG_INFO = INCLUDE_SOURCE;
				MTL_FAST_MATH = YES;
				ONLY_ACTIVE_ARCH = YES;
				SDKROOT = iphoneos;
				SWIFT_ACTIVE_COMPILATION_CONDITIONS = DEBUG;
				SWIFT_OPTIMIZATION_LEVEL = "-Onone";
			};
			name = Debug;
		};
		A8ED736328307294006E564F /* Release */ = {
			isa = XCBuildConfiguration;
			buildSettings = {
				ALWAYS_SEARCH_USER_PATHS = NO;
				CLANG_ANALYZER_NONNULL = YES;
				CLANG_ANALYZER_NUMBER_OBJECT_CONVERSION = YES_AGGRESSIVE;
				CLANG_CXX_LANGUAGE_STANDARD = "gnu++17";
				CLANG_CXX_LIBRARY = "libc++";
				CLANG_ENABLE_MODULES = YES;
				CLANG_ENABLE_OBJC_ARC = YES;
				CLANG_ENABLE_OBJC_WEAK = YES;
				CLANG_WARN_BLOCK_CAPTURE_AUTORELEASING = YES;
				CLANG_WARN_BOOL_CONVERSION = YES;
				CLANG_WARN_COMMA = YES;
				CLANG_WARN_CONSTANT_CONVERSION = YES;
				CLANG_WARN_DEPRECATED_OBJC_IMPLEMENTATIONS = YES;
				CLANG_WARN_DIRECT_OBJC_ISA_USAGE = YES_ERROR;
				CLANG_WARN_DOCUMENTATION_COMMENTS = YES;
				CLANG_WARN_EMPTY_BODY = YES;
				CLANG_WARN_ENUM_CONVERSION = YES;
				CLANG_WARN_INFINITE_RECURSION = YES;
				CLANG_WARN_INT_CONVERSION = YES;
				CLANG_WARN_NON_LITERAL_NULL_CONVERSION = YES;
				CLANG_WARN_OBJC_IMPLICIT_RETAIN_SELF = YES;
				CLANG_WARN_OBJC_LITERAL_CONVERSION = YES;
				CLANG_WARN_OBJC_ROOT_CLASS = YES_ERROR;
				CLANG_WARN_QUOTED_INCLUDE_IN_FRAMEWORK_HEADER = YES;
				CLANG_WARN_RANGE_LOOP_ANALYSIS = YES;
				CLANG_WARN_STRICT_PROTOTYPES = YES;
				CLANG_WARN_SUSPICIOUS_MOVE = YES;
				CLANG_WARN_UNGUARDED_AVAILABILITY = YES_AGGRESSIVE;
				CLANG_WARN_UNREACHABLE_CODE = YES;
				CLANG_WARN__DUPLICATE_METHOD_MATCH = YES;
				COPY_PHASE_STRIP = NO;
				DEBUG_INFORMATION_FORMAT = "dwarf-with-dsym";
				ENABLE_NS_ASSERTIONS = NO;
				ENABLE_STRICT_OBJC_MSGSEND = YES;
				GCC_C_LANGUAGE_STANDARD = gnu11;
				GCC_NO_COMMON_BLOCKS = YES;
				GCC_WARN_64_TO_32_BIT_CONVERSION = YES;
				GCC_WARN_ABOUT_RETURN_TYPE = YES_ERROR;
				GCC_WARN_UNDECLARED_SELECTOR = YES;
				GCC_WARN_UNINITIALIZED_AUTOS = YES_AGGRESSIVE;
				GCC_WARN_UNUSED_FUNCTION = YES;
				GCC_WARN_UNUSED_VARIABLE = YES;
				IPHONEOS_DEPLOYMENT_TARGET = 15.2;
				MTL_ENABLE_DEBUG_INFO = NO;
				MTL_FAST_MATH = YES;
				SDKROOT = iphoneos;
				SWIFT_COMPILATION_MODE = wholemodule;
				SWIFT_OPTIMIZATION_LEVEL = "-O";
				VALIDATE_PRODUCT = YES;
			};
			name = Release;
		};
		A8ED736528307294006E564F /* Debug */ = {
			isa = XCBuildConfiguration;
			buildSettings = {
				ASSETCATALOG_COMPILER_APPICON_NAME = AppIcon;
				ASSETCATALOG_COMPILER_GLOBAL_ACCENT_COLOR_NAME = AccentColor;
				CODE_SIGN_STYLE = Automatic;
				CURRENT_PROJECT_VERSION = 1;
				DEVELOPMENT_TEAM = 9GDF3DQEXP;
				GENERATE_INFOPLIST_FILE = YES;
				INFOPLIST_FILE = PhotoApp/Info.plist;
				INFOPLIST_KEY_UIApplicationSupportsIndirectInputEvents = YES;
				INFOPLIST_KEY_UILaunchStoryboardName = LaunchScreen;
				INFOPLIST_KEY_UIMainStoryboardFile = Main;
				INFOPLIST_KEY_UISupportedInterfaceOrientations_iPad = "UIInterfaceOrientationPortrait UIInterfaceOrientationPortraitUpsideDown UIInterfaceOrientationLandscapeLeft UIInterfaceOrientationLandscapeRight";
				INFOPLIST_KEY_UISupportedInterfaceOrientations_iPhone = "UIInterfaceOrientationPortrait UIInterfaceOrientationLandscapeLeft UIInterfaceOrientationLandscapeRight";
				LD_RUNPATH_SEARCH_PATHS = (
					"$(inherited)",
					"@executable_path/Frameworks",
				);
				MARKETING_VERSION = 1.0;
				PRODUCT_BUNDLE_IDENTIFIER = com..PhotoApp;
				PRODUCT_NAME = "$(TARGET_NAME)";
				SWIFT_EMIT_LOC_STRINGS = YES;
				SWIFT_VERSION = 5.0;
				TARGETED_DEVICE_FAMILY = "1,2";
			};
			name = Debug;
		};
		A8ED736628307294006E564F /* Release */ = {
			isa = XCBuildConfiguration;
			buildSettings = {
				ASSETCATALOG_COMPILER_APPICON_NAME = AppIcon;
				ASSETCATALOG_COMPILER_GLOBAL_ACCENT_COLOR_NAME = AccentColor;
				CODE_SIGN_STYLE = Automatic;
				CURRENT_PROJECT_VERSION = 1;
				DEVELOPMENT_TEAM = 9GDF3DQEXP;
				GENERATE_INFOPLIST_FILE = YES;
				INFOPLIST_FILE = PhotoApp/Info.plist;
				INFOPLIST_KEY_UIApplicationSupportsIndirectInputEvents = YES;
				INFOPLIST_KEY_UILaunchStoryboardName = LaunchScreen;
				INFOPLIST_KEY_UIMainStoryboardFile = Main;
				INFOPLIST_KEY_UISupportedInterfaceOrientations_iPad = "UIInterfaceOrientationPortrait UIInterfaceOrientationPortraitUpsideDown UIInterfaceOrientationLandscapeLeft UIInterfaceOrientationLandscapeRight";
				INFOPLIST_KEY_UISupportedInterfaceOrientations_iPhone = "UIInterfaceOrientationPortrait UIInterfaceOrientationLandscapeLeft UIInterfaceOrientationLandscapeRight";
				LD_RUNPATH_SEARCH_PATHS = (
					"$(inherited)",
					"@executable_path/Frameworks",
				);
				MARKETING_VERSION = 1.0;
				PRODUCT_BUNDLE_IDENTIFIER = com..PhotoApp;
				PRODUCT_NAME = "$(TARGET_NAME)";
				SWIFT_EMIT_LOC_STRINGS = YES;
				SWIFT_VERSION = 5.0;
				TARGETED_DEVICE_FAMILY = "1,2";
			};
			name = Release;
		};
/* End XCBuildConfiguration section */

/* Begin XCConfigurationList section */
		A8ED734B28307293006E564F /* Build configuration list for PBXProject "PhotoApp" */ = {
			isa = XCConfigurationList;
			buildConfigurations = (
				A8ED736228307294006E564F /* Debug */,
				A8ED736328307294006E564F /* Release */,
			);
			defaultConfigurationIsVisible = 0;
			defaultConfigurationName = Release;
		};
		A8ED736428307294006E564F /* Build configuration list for PBXNativeTarget "PhotoApp" */ = {
			isa = XCConfigurationList;
			buildConfigurations = (
				A8ED736528307294006E564F /* Debug */,
				A8ED736628307294006E564F /* Release */,
			);
			defaultConfigurationIsVisible = 0;
			defaultConfigurationName = Release;
		};
/* End XCConfigurationList section */

/* Begin XCRemoteSwiftPackageReference section */
		A8ED7399283078F4006E564F /* XCRemoteSwiftPackageReference "Alamofire" */ = {
			isa = XCRemoteSwiftPackageReference;
			repositoryURL = "https://github.com/Alamofire/Alamofire.git";
			requirement = {
				kind = upToNextMajorVersion;
				minimumVersion = 5.0.0;
			};
		};
		A8ED739C2830790E006E564F /* XCRemoteSwiftPackageReference "SwiftyJSON" */ = {
			isa = XCRemoteSwiftPackageReference;
			repositoryURL = "https://github.com/SwiftyJSON/SwiftyJSON";
			requirement = {
				kind = upToNextMajorVersion;
				minimumVersion = 5.0.0;
			};
		};
/* End XCRemoteSwiftPackageReference section */

/* Begin XCSwiftPackageProductDependency section */
		A8ED739A283078F4006E564F /* Alamofire */ = {
			isa = XCSwiftPackageProductDependency;
			package = A8ED7399283078F4006E564F /* XCRemoteSwiftPackageReference "Alamofire" */;
			productName = Alamofire;
		};
		A8ED739D2830790E006E564F /* SwiftyJSON */ = {
			isa = XCSwiftPackageProductDependency;
			package = A8ED739C2830790E006E564F /* XCRemoteSwiftPackageReference "SwiftyJSON" */;
			productName = SwiftyJSON;
		};
/* End XCSwiftPackageProductDependency section */
	};
	rootObject = A8ED734828307293006E564F /* Project object */;
}
